// !$*UTF8*$!
{
	archiveVersion = 1;
	classes = {
	};
	objectVersion = 56;
	objects = {

/* Begin PBXBuildFile section */
		AE07D0BD2AE9628E00EFC0BE /* AppDelegate.swift in Sources */ = {isa = PBXBuildFile; fileRef = AE07D0BC2AE9628E00EFC0BE /* AppDelegate.swift */; };
		AE07D0BF2AE9628E00EFC0BE /* SceneDelegate.swift in Sources */ = {isa = PBXBuildFile; fileRef = AE07D0BE2AE9628E00EFC0BE /* SceneDelegate.swift */; };
		AE07D0C12AE9628E00EFC0BE /* ViewController.swift in Sources */ = {isa = PBXBuildFile; fileRef = AE07D0C02AE9628E00EFC0BE /* ViewController.swift */; };
		AE07D0C42AE9628E00EFC0BE /* Main.storyboard in Resources */ = {isa = PBXBuildFile; fileRef = AE07D0C22AE9628E00EFC0BE /* Main.storyboard */; };
		AE07D0C62AE9628F00EFC0BE /* Assets.xcassets in Resources */ = {isa = PBXBuildFile; fileRef = AE07D0C52AE9628F00EFC0BE /* Assets.xcassets */; };
		AE07D0C92AE9628F00EFC0BE /* LaunchScreen.storyboard in Resources */ = {isa = PBXBuildFile; fileRef = AE07D0C72AE9628F00EFC0BE /* LaunchScreen.storyboard */; };
		AE07D0D22AE96D5800EFC0BE /* Pacifico-Regular.ttf in Resources */ = {isa = PBXBuildFile; fileRef = AE07D0D12AE96D5800EFC0BE /* Pacifico-Regular.ttf */; };
/* End PBXBuildFile section */

/* Begin PBXFileReference section */
		AE07D0B92AE9628E00EFC0BE /* PizzaSiparisTasarım.app */ = {isa = PBXFileReference; explicitFileType = wrapper.application; includeInIndex = 0; path = "PizzaSiparisTasarım.app"; sourceTree = BUILT_PRODUCTS_DIR; };
		AE07D0BC2AE9628E00EFC0BE /* AppDelegate.swift */ = {isa = PBXFileReference; lastKnownFileType = sourcecode.swift; path = AppDelegate.swift; sourceTree = "<group>"; };
		AE07D0BE2AE9628E00EFC0BE /* SceneDelegate.swift */ = {isa = PBXFileReference; lastKnownFileType = sourcecode.swift; path = SceneDelegate.swift; sourceTree = "<group>"; };
		AE07D0C02AE9628E00EFC0BE /* ViewController.swift */ = {isa = PBXFileReference; lastKnownFileType = sourcecode.swift; path = ViewController.swift; sourceTree = "<group>"; };
		AE07D0C32AE9628E00EFC0BE /* Base */ = {isa = PBXFileReference; lastKnownFileType = file.storyboard; name = Base; path = Base.lproj/Main.storyboard; sourceTree = "<group>"; };
		AE07D0C52AE9628F00EFC0BE /* Assets.xcassets */ = {isa = PBXFileReference; lastKnownFileType = folder.assetcatalog; path = Assets.xcassets; sourceTree = "<group>"; };
		AE07D0C82AE9628F00EFC0BE /* Base */ = {isa = PBXFileReference; lastKnownFileType = file.storyboard; name = Base; path = Base.lproj/LaunchScreen.storyboard; sourceTree = "<group>"; };
		AE07D0CA2AE9628F00EFC0BE /* Info.plist */ = {isa = PBXFileReference; lastKnownFileType = text.plist.xml; path = Info.plist; sourceTree = "<group>"; };
		AE07D0D12AE96D5800EFC0BE /* Pacifico-Regular.ttf */ = {isa = PBXFileReference; lastKnownFileType = file; path = "Pacifico-Regular.ttf"; sourceTree = "<group>"; };
/* End PBXFileReference section */

/* Begin PBXFrameworksBuildPhase section */
		AE07D0B62AE9628E00EFC0BE /* Frameworks */ = {
			isa = PBXFrameworksBuildPhase;
			buildActionMask = 2147483647;
			files = (
			);
			runOnlyForDeploymentPostprocessing = 0;
		};
/* End PBXFrameworksBuildPhase section */

/* Begin PBXGroup section */
		AE07D0B02AE9628E00EFC0BE = {
			isa = PBXGroup;
			children = (
				AE07D0BB2AE9628E00EFC0BE /* pizza */,
				AE07D0BA2AE9628E00EFC0BE /* Products */,
			);
			sourceTree = "<group>";
		};
		AE07D0BA2AE9628E00EFC0BE /* Products */ = {
			isa = PBXGroup;
			children = (
				AE07D0B92AE9628E00EFC0BE /* PizzaSiparisTasarım.app */,
			);
			name = Products;
			sourceTree = "<group>";
		};
		AE07D0BB2AE9628E00EFC0BE /* pizza */ = {
			isa = PBXGroup;
			children = (
				AE07D0BC2AE9628E00EFC0BE /* AppDelegate.swift */,
				AE07D0BE2AE9628E00EFC0BE /* SceneDelegate.swift */,
				AE07D0C02AE9628E00EFC0BE /* ViewController.swift */,
				AE07D0D02AE96D2000EFC0BE /* Fonts */,
				AE07D0C22AE9628E00EFC0BE /* Main.storyboard */,
				AE07D0C52AE9628F00EFC0BE /* Assets.xcassets */,
				AE07D0C72AE9628F00EFC0BE /* LaunchScreen.storyboard */,
				AE07D0CA2AE9628F00EFC0BE /* Info.plist */,
			);
			path = pizza;
			sourceTree = "<group>";
		};
		AE07D0D02AE96D2000EFC0BE /* Fonts */ = {
			isa = PBXGroup;
			children = (
				AE07D0D12AE96D5800EFC0BE /* Pacifico-Regular.ttf */,
			);
			path = Fonts;
			sourceTree = "<group>";
		};
/* End PBXGroup section */

/* Begin PBXNativeTarget section */
		AE07D0B82AE9628E00EFC0BE /* PizzaSiparisTasarım */ = {
			isa = PBXNativeTarget;
			buildConfigurationList = AE07D0CD2AE9628F00EFC0BE /* Build configuration list for PBXNativeTarget "PizzaSiparisTasarım" */;
			buildPhases = (
				AE07D0B52AE9628E00EFC0BE /* Sources */,
				AE07D0B62AE9628E00EFC0BE /* Frameworks */,
				AE07D0B72AE9628E00EFC0BE /* Resources */,
			);
			buildRules = (
			);
			dependencies = (
			);
			name = "PizzaSiparisTasarım";
			productName = pizza;
			productReference = AE07D0B92AE9628E00EFC0BE /* PizzaSiparisTasarım.app */;
			productType = "com.apple.product-type.application";
		};
/* End PBXNativeTarget section */

/* Begin PBXProject section */
		AE07D0B12AE9628E00EFC0BE /* Project object */ = {
			isa = PBXProject;
			attributes = {
				BuildIndependentTargetsInParallel = 1;
				LastSwiftUpdateCheck = 1430;
				LastUpgradeCheck = 1430;
				TargetAttributes = {
					AE07D0B82AE9628E00EFC0BE = {
						CreatedOnToolsVersion = 14.3;
					};
				};
			};
			buildConfigurationList = AE07D0B42AE9628E00EFC0BE /* Build configuration list for PBXProject "PizzaSiparisTasarım" */;
			compatibilityVersion = "Xcode 14.0";
			developmentRegion = en;
			hasScannedForEncodings = 0;
			knownRegions = (
				en,
				Base,
			);
			mainGroup = AE07D0B02AE9628E00EFC0BE;
			productRefGroup = AE07D0BA2AE9628E00EFC0BE /* Products */;
			projectDirPath = "";
			projectRoot = "";
			targets = (
				AE07D0B82AE9628E00EFC0BE /* PizzaSiparisTasarım */,
			);
		};
/* End PBXProject section */

/* Begin PBXResourcesBuildPhase section */
		AE07D0B72AE9628E00EFC0BE /* Resources */ = {
			isa = PBXResourcesBuildPhase;
			buildActionMask = 2147483647;
			files = (
				AE07D0C92AE9628F00EFC0BE /* LaunchScreen.storyboard in Resources */,
				AE07D0D22AE96D5800EFC0BE /* Pacifico-Regular.ttf in Resources */,
				AE07D0C62AE9628F00EFC0BE /* Assets.xcassets in Resources */,
				AE07D0C42AE9628E00EFC0BE /* Main.storyboard in Resources */,
			);
			runOnlyForDeploymentPostprocessing = 0;
		};
/* End PBXResourcesBuildPhase section */

/* Begin PBXSourcesBuildPhase section */
		AE07D0B52AE9628E00EFC0BE /* Sources */ = {
			isa = PBXSourcesBuildPhase;
			buildActionMask = 2147483647;
			files = (
				AE07D0C12AE9628E00EFC0BE /* ViewController.swift in Sources */,
				AE07D0BD2AE9628E00EFC0BE /* AppDelegate.swift in Sources */,
				AE07D0BF2AE9628E00EFC0BE /* SceneDelegate.swift in Sources */,
			);
			runOnlyForDeploymentPostprocessing = 0;
		};
/* End PBXSourcesBuildPhase section */

/* Begin PBXVariantGroup section */
		AE07D0C22AE9628E00EFC0BE /* Main.storyboard */ = {
			isa = PBXVariantGroup;
			children = (
				AE07D0C32AE9628E00EFC0BE /* Base */,
			);
			name = Main.storyboard;
			sourceTree = "<group>";
		};
		AE07D0C72AE9628F00EFC0BE /* LaunchScreen.storyboard */ = {
			isa = PBXVariantGroup;
			children = (
				AE07D0C82AE9628F00EFC0BE /* Base */,
			);
			name = LaunchScreen.storyboard;
			sourceTree = "<group>";
		};
/* End PBXVariantGroup section */

/* Begin XCBuildConfiguration section */
		AE07D0CB2AE9628F00EFC0BE /* Debug */ = {
			isa = XCBuildConfiguration;
			buildSettings = {
				ALWAYS_SEARCH_USER_PATHS = NO;
				CLANG_ANALYZER_NONNULL = YES;
				CLANG_ANALYZER_NUMBER_OBJECT_CONVERSION = YES_AGGRESSIVE;
				CLANG_CXX_LANGUAGE_STANDARD = "gnu++20";
				CLANG_ENABLE_MODULES = YES;
				CLANG_ENABLE_OBJC_ARC = YES;
				CLANG_ENABLE_OBJC_WEAK = YES;
				CLANG_WARN_BLOCK_CAPTURE_AUTORELEASING = YES;
				CLANG_WARN_BOOL_CONVERSION = YES;
				CLANG_WARN_COMMA = YES;
				CLANG_WARN_CONSTANT_CONVERSION = YES;
				CLANG_WARN_DEPRECATED_OBJC_IMPLEMENTATIONS = YES;
				CLANG_WARN_DIRECT_OBJC_ISA_USAGE = YES_ERROR;
				CLANG_WARN_DOCUMENTATION_COMMENTS = YES;
				CLANG_WARN_EMPTY_BODY = YES;
				CLANG_WARN_ENUM_CONVERSION = YES;
				CLANG_WARN_INFINITE_RECURSION = YES;
				CLANG_WARN_INT_CONVERSION = YES;
				CLANG_WARN_NON_LITERAL_NULL_CONVERSION = YES;
				CLANG_WARN_OBJC_IMPLICIT_RETAIN_SELF = YES;
				CLANG_WARN_OBJC_LITERAL_CONVERSION = YES;
				CLANG_WARN_OBJC_ROOT_CLASS = YES_ERROR;
				CLANG_WARN_QUOTED_INCLUDE_IN_FRAMEWORK_HEADER = YES;
				CLANG_WARN_RANGE_LOOP_ANALYSIS = YES;
				CLANG_WARN_STRICT_PROTOTYPES = YES;
				CLANG_WARN_SUSPICIOUS_MOVE = YES;
				CLANG_WARN_UNGUARDED_AVAILABILITY = YES_AGGRESSIVE;
				CLANG_WARN_UNREACHABLE_CODE = YES;
				CLANG_WARN__DUPLICATE_METHOD_MATCH = YES;
				COPY_PHASE_STRIP = NO;
				DEBUG_INFORMATION_FORMAT = dwarf;
				ENABLE_STRICT_OBJC_MSGSEND = YES;
				ENABLE_TESTABILITY = YES;
				GCC_C_LANGUAGE_STANDARD = gnu11;
				GCC_DYNAMIC_NO_PIC = NO;
				GCC_NO_COMMON_BLOCKS = YES;
				GCC_OPTIMIZATION_LEVEL = 0;
				GCC_PREPROCESSOR_DEFINITIONS = (
					"DEBUG=1",
					"$(inherited)",
				);
				GCC_WARN_64_TO_32_BIT_CONVERSION = YES;
				GCC_WARN_ABOUT_RETURN_TYPE = YES_ERROR;
				GCC_WARN_UNDECLARED_SELECTOR = YES;
				GCC_WARN_UNINITIALIZED_AUTOS = YES_AGGRESSIVE;
				GCC_WARN_UNUSED_FUNCTION = YES;
				GCC_WARN_UNUSED_VARIABLE = YES;
				IPHONEOS_DEPLOYMENT_TARGET = 16.4;
				MTL_ENABLE_DEBUG_INFO = INCLUDE_SOURCE;
				MTL_FAST_MATH = YES;
				ONLY_ACTIVE_ARCH = YES;
				SDKROOT = iphoneos;
				SWIFT_ACTIVE_COMPILATION_CONDITIONS = DEBUG;
				SWIFT_OPTIMIZATION_LEVEL = "-Onone";
			};
			name = Debug;
		};
		AE07D0CC2AE9628F00EFC0BE /* Release */ = {
			isa = XCBuildConfiguration;
			buildSettings = {
				ALWAYS_SEARCH_USER_PATHS = NO;
				CLANG_ANALYZER_NONNULL = YES;
				CLANG_ANALYZER_NUMBER_OBJECT_CONVERSION = YES_AGGRESSIVE;
				CLANG_CXX_LANGUAGE_STANDARD = "gnu++20";
				CLANG_ENABLE_MODULES = YES;
				CLANG_ENABLE_OBJC_ARC = YES;
				CLANG_ENABLE_OBJC_WEAK = YES;
				CLANG_WARN_BLOCK_CAPTURE_AUTORELEASING = YES;
				CLANG_WARN_BOOL_CONVERSION = YES;
				CLANG_WARN_COMMA = YES;
				CLANG_WARN_CONSTANT_CONVERSION = YES;
				CLANG_WARN_DEPRECATED_OBJC_IMPLEMENTATIONS = YES;
				CLANG_WARN_DIRECT_OBJC_ISA_USAGE = YES_ERROR;
				CLANG_WARN_DOCUMENTATION_COMMENTS = YES;
				CLANG_WARN_EMPTY_BODY = YES;
				CLANG_WARN_ENUM_CONVERSION = YES;
				CLANG_WARN_INFINITE_RECURSION = YES;
				CLANG_WARN_INT_CONVERSION = YES;
				CLANG_WARN_NON_LITERAL_NULL_CONVERSION = YES;
				CLANG_WARN_OBJC_IMPLICIT_RETAIN_SELF = YES;
				CLANG_WARN_OBJC_LITERAL_CONVERSION = YES;
				CLANG_WARN_OBJC_ROOT_CLASS = YES_ERROR;
				CLANG_WARN_QUOTED_INCLUDE_IN_FRAMEWORK_HEADER = YES;
				CLANG_WARN_RANGE_LOOP_ANALYSIS = YES;
				CLANG_WARN_STRICT_PROTOTYPES = YES;
				CLANG_WARN_SUSPICIOUS_MOVE = YES;
				CLANG_WARN_UNGUARDED_AVAILABILITY = YES_AGGRESSIVE;
				CLANG_WARN_UNREACHABLE_CODE = YES;
				CLANG_WARN__DUPLICATE_METHOD_MATCH = YES;
				COPY_PHASE_STRIP = NO;
				DEBUG_INFORMATION_FORMAT = "dwarf-with-dsym";
				ENABLE_NS_ASSERTIONS = NO;
				ENABLE_STRICT_OBJC_MSGSEND = YES;
				GCC_C_LANGUAGE_STANDARD = gnu11;
				GCC_NO_COMMON_BLOCKS = YES;
				GCC_WARN_64_TO_32_BIT_CONVERSION = YES;
				GCC_WARN_ABOUT_RETURN_TYPE = YES_ERROR;
				GCC_WARN_UNDECLARED_SELECTOR = YES;
				GCC_WARN_UNINITIALIZED_AUTOS = YES_AGGRESSIVE;
				GCC_WARN_UNUSED_FUNCTION = YES;
				GCC_WARN_UNUSED_VARIABLE = YES;
				IPHONEOS_DEPLOYMENT_TARGET = 16.4;
				MTL_ENABLE_DEBUG_INFO = NO;
				MTL_FAST_MATH = YES;
				SDKROOT = iphoneos;
				SWIFT_COMPILATION_MODE = wholemodule;
				SWIFT_OPTIMIZATION_LEVEL = "-O";
				VALIDATE_PRODUCT = YES;
			};
			name = Release;
		};
		AE07D0CE2AE9628F00EFC0BE /* Debug */ = {
			isa = XCBuildConfiguration;
			buildSettings = {
				ASSETCATALOG_COMPILER_APPICON_NAME = AppIcon;
				ASSETCATALOG_COMPILER_GLOBAL_ACCENT_COLOR_NAME = AccentColor;
				CODE_SIGN_STYLE = Automatic;
				CURRENT_PROJECT_VERSION = 1;
				GENERATE_INFOPLIST_FILE = YES;
				INFOPLIST_FILE = pizza/Info.plist;
				INFOPLIST_KEY_UIApplicationSupportsIndirectInputEvents = YES;
				INFOPLIST_KEY_UILaunchStoryboardName = LaunchScreen;
				INFOPLIST_KEY_UIMainStoryboardFile = Main;
				INFOPLIST_KEY_UISupportedInterfaceOrientations_iPad = "UIInterfaceOrientationPortrait UIInterfaceOrientationPortraitUpsideDown UIInterfaceOrientationLandscapeLeft UIInterfaceOrientationLandscapeRight";
				INFOPLIST_KEY_UISupportedInterfaceOrientations_iPhone = "UIInterfaceOrientationPortrait UIInterfaceOrientationLandscapeLeft UIInterfaceOrientationLandscapeRight";
				LD_RUNPATH_SEARCH_PATHS = (
					"$(inherited)",
					"@executable_path/Frameworks",
				);
				MARKETING_VERSION = 1.0;
				PRODUCT_BUNDLE_IDENTIFIER = com.MustafaKemalOzen.pizza;
				PRODUCT_NAME = "$(TARGET_NAME)";
				SWIFT_EMIT_LOC_STRINGS = YES;
				SWIFT_VERSION = 5.0;
				TARGETED_DEVICE_FAMILY = "1,2";
			};
			name = Debug;
		};
		AE07D0CF2AE9628F00EFC0BE /* Release */ = {
			isa = XCBuildConfiguration;
			buildSettings = {
				ASSETCATALOG_COMPILER_APPICON_NAME = AppIcon;
				ASSETCATALOG_COMPILER_GLOBAL_ACCENT_COLOR_NAME = AccentColor;
				CODE_SIGN_STYLE = Automatic;
				CURRENT_PROJECT_VERSION = 1;
				GENERATE_INFOPLIST_FILE = YES;
				INFOPLIST_FILE = pizza/Info.plist;
				INFOPLIST_KEY_UIApplicationSupportsIndirectInputEvents = YES;
				INFOPLIST_KEY_UILaunchStoryboardName = LaunchScreen;
				INFOPLIST_KEY_UIMainStoryboardFile = Main;
				INFOPLIST_KEY_UISupportedInterfaceOrientations_iPad = "UIInterfaceOrientationPortrait UIInterfaceOrientationPortraitUpsideDown UIInterfaceOrientationLandscapeLeft UIInterfaceOrientationLandscapeRight";
				INFOPLIST_KEY_UISupportedInterfaceOrientations_iPhone = "UIInterfaceOrientationPortrait UIInterfaceOrientationLandscapeLeft UIInterfaceOrientationLandscapeRight";
				LD_RUNPATH_SEARCH_PATHS = (
					"$(inherited)",
					"@executable_path/Frameworks",
				);
				MARKETING_VERSION = 1.0;
				PRODUCT_BUNDLE_IDENTIFIER = com.MustafaKemalOzen.pizza;
				PRODUCT_NAME = "$(TARGET_NAME)";
				SWIFT_EMIT_LOC_STRINGS = YES;
				SWIFT_VERSION = 5.0;
				TARGETED_DEVICE_FAMILY = "1,2";
			};
			name = Release;
		};
/* End XCBuildConfiguration section */

/* Begin XCConfigurationList section */
		AE07D0B42AE9628E00EFC0BE /* Build configuration list for PBXProject "PizzaSiparisTasarım" */ = {
			isa = XCConfigurationList;
			buildConfigurations = (
				AE07D0CB2AE9628F00EFC0BE /* Debug */,
				AE07D0CC2AE9628F00EFC0BE /* Release */,
			);
			defaultConfigurationIsVisible = 0;
			defaultConfigurationName = Release;
		};
		AE07D0CD2AE9628F00EFC0BE /* Build configuration list for PBXNativeTarget "PizzaSiparisTasarım" */ = {
			isa = XCConfigurationList;
			buildConfigurations = (
				AE07D0CE2AE9628F00EFC0BE /* Debug */,
				AE07D0CF2AE9628F00EFC0BE /* Release */,
			);
			defaultConfigurationIsVisible = 0;
			defaultConfigurationName = Release;
		};
/* End XCConfigurationList section */
	};
	rootObject = AE07D0B12AE9628E00EFC0BE /* Project object */;
}
